// !$*UTF8*$!
{
	archiveVersion = 1;
	classes = {
	};
	objectVersion = 48;
	objects = {

/* Begin PBXBuildFile section */
		0A58731E659041E0D06CA5E0 /* Pods_OmniVirtAR_Sample_App.framework in Frameworks */ = {isa = PBXBuildFile; fileRef = CD53F747F7B7191FCFAB4D6B /* Pods_OmniVirtAR_Sample_App.framework */; };
		6060EAFC206AC71900C33C01 /* AppDelegate.swift in Sources */ = {isa = PBXBuildFile; fileRef = 6060EAFB206AC71900C33C01 /* AppDelegate.swift */; };
		6060EAFE206AC71900C33C01 /* ViewController.swift in Sources */ = {isa = PBXBuildFile; fileRef = 6060EAFD206AC71900C33C01 /* ViewController.swift */; };
		6060EB01206AC71900C33C01 /* Main.storyboard in Resources */ = {isa = PBXBuildFile; fileRef = 6060EAFF206AC71900C33C01 /* Main.storyboard */; };
		6060EB03206AC71900C33C01 /* Assets.xcassets in Resources */ = {isa = PBXBuildFile; fileRef = 6060EB02206AC71900C33C01 /* Assets.xcassets */; };
		6060EB06206AC71900C33C01 /* LaunchScreen.storyboard in Resources */ = {isa = PBXBuildFile; fileRef = 6060EB04206AC71900C33C01 /* LaunchScreen.storyboard */; };
/* End PBXBuildFile section */

/* Begin PBXFileReference section */
		6060EAF8206AC71900C33C01 /* OmniVirtAR Sample App.app */ = {isa = PBXFileReference; explicitFileType = wrapper.application; includeInIndex = 0; path = "OmniVirtAR Sample App.app"; sourceTree = BUILT_PRODUCTS_DIR; };
		6060EAFB206AC71900C33C01 /* AppDelegate.swift */ = {isa = PBXFileReference; lastKnownFileType = sourcecode.swift; path = AppDelegate.swift; sourceTree = "<group>"; };
		6060EAFD206AC71900C33C01 /* ViewController.swift */ = {isa = PBXFileReference; lastKnownFileType = sourcecode.swift; path = ViewController.swift; sourceTree = "<group>"; };
		6060EB00206AC71900C33C01 /* Base */ = {isa = PBXFileReference; lastKnownFileType = file.storyboard; name = Base; path = Base.lproj/Main.storyboard; sourceTree = "<group>"; };
		6060EB02206AC71900C33C01 /* Assets.xcassets */ = {isa = PBXFileReference; lastKnownFileType = folder.assetcatalog; path = Assets.xcassets; sourceTree = "<group>"; };
		6060EB05206AC71900C33C01 /* Base */ = {isa = PBXFileReference; lastKnownFileType = file.storyboard; name = Base; path = Base.lproj/LaunchScreen.storyboard; sourceTree = "<group>"; };
		6060EB07206AC71900C33C01 /* Info.plist */ = {isa = PBXFileReference; lastKnownFileType = text.plist.xml; path = Info.plist; sourceTree = "<group>"; };
		77E6754EF4CC2220A3F24D1D /* Pods-OmniVirtAR Sample App.release.xcconfig */ = {isa = PBXFileReference; includeInIndex = 1; lastKnownFileType = text.xcconfig; name = "Pods-OmniVirtAR Sample App.release.xcconfig"; path = "Pods/Target Support Files/Pods-OmniVirtAR Sample App/Pods-OmniVirtAR Sample App.release.xcconfig"; sourceTree = "<group>"; };
		B4FC6ED17D931EB0C89DE300 /* Pods-OmniVirtAR Sample App.debug.xcconfig */ = {isa = PBXFileReference; includeInIndex = 1; lastKnownFileType = text.xcconfig; name = "Pods-OmniVirtAR Sample App.debug.xcconfig"; path = "Pods/Target Support Files/Pods-OmniVirtAR Sample App/Pods-OmniVirtAR Sample App.debug.xcconfig"; sourceTree = "<group>"; };
		CD53F747F7B7191FCFAB4D6B /* Pods_OmniVirtAR_Sample_App.framework */ = {isa = PBXFileReference; explicitFileType = wrapper.framework; includeInIndex = 0; path = Pods_OmniVirtAR_Sample_App.framework; sourceTree = BUILT_PRODUCTS_DIR; };
/* End PBXFileReference section */

/* Begin PBXFrameworksBuildPhase section */
		6060EAF5206AC71900C33C01 /* Frameworks */ = {
			isa = PBXFrameworksBuildPhase;
			buildActionMask = 2147483647;
			files = (
				0A58731E659041E0D06CA5E0 /* Pods_OmniVirtAR_Sample_App.framework in Frameworks */,
			);
			runOnlyForDeploymentPostprocessing = 0;
		};
/* End PBXFrameworksBuildPhase section */

/* Begin PBXGroup section */
		16C249423BFE57012C77B240 /* Frameworks */ = {
			isa = PBXGroup;
			children = (
				CD53F747F7B7191FCFAB4D6B /* Pods_OmniVirtAR_Sample_App.framework */,
			);
			name = Frameworks;
			sourceTree = "<group>";
		};
		6060EAEF206AC71900C33C01 = {
			isa = PBXGroup;
			children = (
				6060EAFA206AC71900C33C01 /* OmniVirtAR Sample App */,
				6060EAF9206AC71900C33C01 /* Products */,
				8C983E5320D5492604A9C78C /* Pods */,
				16C249423BFE57012C77B240 /* Frameworks */,
			);
			sourceTree = "<group>";
		};
		6060EAF9206AC71900C33C01 /* Products */ = {
			isa = PBXGroup;
			children = (
				6060EAF8206AC71900C33C01 /* OmniVirtAR Sample App.app */,
			);
			name = Products;
			sourceTree = "<group>";
		};
		6060EAFA206AC71900C33C01 /* OmniVirtAR Sample App */ = {
			isa = PBXGroup;
			children = (
				6060EAFB206AC71900C33C01 /* AppDelegate.swift */,
				6060EAFD206AC71900C33C01 /* ViewController.swift */,
				6060EAFF206AC71900C33C01 /* Main.storyboard */,
				6060EB02206AC71900C33C01 /* Assets.xcassets */,
				6060EB04206AC71900C33C01 /* LaunchScreen.storyboard */,
				6060EB07206AC71900C33C01 /* Info.plist */,
			);
			path = "OmniVirtAR Sample App";
			sourceTree = "<group>";
		};
		8C983E5320D5492604A9C78C /* Pods */ = {
			isa = PBXGroup;
			children = (
				B4FC6ED17D931EB0C89DE300 /* Pods-OmniVirtAR Sample App.debug.xcconfig */,
				77E6754EF4CC2220A3F24D1D /* Pods-OmniVirtAR Sample App.release.xcconfig */,
			);
			name = Pods;
			sourceTree = "<group>";
		};
/* End PBXGroup section */

/* Begin PBXNativeTarget section */
		6060EAF7206AC71900C33C01 /* OmniVirtAR Sample App */ = {
			isa = PBXNativeTarget;
			buildConfigurationList = 6060EB0A206AC71900C33C01 /* Build configuration list for PBXNativeTarget "OmniVirtAR Sample App" */;
			buildPhases = (
				35CEDEE21D8F43E6E2266C8B /* [CP] Check Pods Manifest.lock */,
				6060EAF4206AC71900C33C01 /* Sources */,
				6060EAF5206AC71900C33C01 /* Frameworks */,
				6060EAF6206AC71900C33C01 /* Resources */,
				16E3A33CE14DD1CE3027F4E0 /* [CP] Embed Pods Frameworks */,
				58D8A99208C283F7D6434F4A /* [CP] Copy Pods Resources */,
			);
			buildRules = (
			);
			dependencies = (
			);
			name = "OmniVirtAR Sample App";
			productName = "OmniVirtAR Sample App";
			productReference = 6060EAF8206AC71900C33C01 /* OmniVirtAR Sample App.app */;
			productType = "com.apple.product-type.application";
		};
/* End PBXNativeTarget section */

/* Begin PBXProject section */
		6060EAF0206AC71900C33C01 /* Project object */ = {
			isa = PBXProject;
			attributes = {
				LastSwiftUpdateCheck = 0920;
				LastUpgradeCheck = 0920;
				ORGANIZATIONNAME = OmniVirt;
				TargetAttributes = {
					6060EAF7206AC71900C33C01 = {
						CreatedOnToolsVersion = 9.2;
						ProvisioningStyle = Automatic;
					};
				};
			};
			buildConfigurationList = 6060EAF3206AC71900C33C01 /* Build configuration list for PBXProject "OmniVirtAR Sample App" */;
			compatibilityVersion = "Xcode 8.0";
			developmentRegion = en;
			hasScannedForEncodings = 0;
			knownRegions = (
				en,
				Base,
			);
			mainGroup = 6060EAEF206AC71900C33C01;
			productRefGroup = 6060EAF9206AC71900C33C01 /* Products */;
			projectDirPath = "";
			projectRoot = "";
			targets = (
				6060EAF7206AC71900C33C01 /* OmniVirtAR Sample App */,
			);
		};
/* End PBXProject section */

/* Begin PBXResourcesBuildPhase section */
		6060EAF6206AC71900C33C01 /* Resources */ = {
			isa = PBXResourcesBuildPhase;
			buildActionMask = 2147483647;
			files = (
				6060EB06206AC71900C33C01 /* LaunchScreen.storyboard in Resources */,
				6060EB03206AC71900C33C01 /* Assets.xcassets in Resources */,
				6060EB01206AC71900C33C01 /* Main.storyboard in Resources */,
			);
			runOnlyForDeploymentPostprocessing = 0;
		};
/* End PBXResourcesBuildPhase section */

/* Begin PBXShellScriptBuildPhase section */
		16E3A33CE14DD1CE3027F4E0 /* [CP] Embed Pods Frameworks */ = {
			isa = PBXShellScriptBuildPhase;
			buildActionMask = 2147483647;
			files = (
			);
			inputPaths = (
				"${SRCROOT}/Pods/Target Support Files/Pods-OmniVirtAR Sample App/Pods-OmniVirtAR Sample App-frameworks.sh",
				"${BUILT_PRODUCTS_DIR}/Alamofire/Alamofire.framework",
				"${BUILT_PRODUCTS_DIR}/GLTFSceneKit/GLTFSceneKit.framework",
				"${PODS_ROOT}/OmniVirtAR-iOS-SDK/OmniVirtAR.framework",
				"${BUILT_PRODUCTS_DIR}/SSZipArchive/SSZipArchive.framework",
			);
			name = "[CP] Embed Pods Frameworks";
			outputPaths = (
				"${TARGET_BUILD_DIR}/${FRAMEWORKS_FOLDER_PATH}/Alamofire.framework",
				"${TARGET_BUILD_DIR}/${FRAMEWORKS_FOLDER_PATH}/GLTFSceneKit.framework",
				"${TARGET_BUILD_DIR}/${FRAMEWORKS_FOLDER_PATH}/OmniVirtAR.framework",
				"${TARGET_BUILD_DIR}/${FRAMEWORKS_FOLDER_PATH}/SSZipArchive.framework",
			);
			runOnlyForDeploymentPostprocessing = 0;
			shellPath = /bin/sh;
			shellScript = "\"${SRCROOT}/Pods/Target Support Files/Pods-OmniVirtAR Sample App/Pods-OmniVirtAR Sample App-frameworks.sh\"\n";
			showEnvVarsInLog = 0;
		};
		35CEDEE21D8F43E6E2266C8B /* [CP] Check Pods Manifest.lock */ = {
			isa = PBXShellScriptBuildPhase;
			buildActionMask = 2147483647;
			files = (
			);
			inputPaths = (
				"${PODS_PODFILE_DIR_PATH}/Podfile.lock",
				"${PODS_ROOT}/Manifest.lock",
			);
			name = "[CP] Check Pods Manifest.lock";
			outputPaths = (
				"$(DERIVED_FILE_DIR)/Pods-OmniVirtAR Sample App-checkManifestLockResult.txt",
			);
			runOnlyForDeploymentPostprocessing = 0;
			shellPath = /bin/sh;
			shellScript = "diff \"${PODS_PODFILE_DIR_PATH}/Podfile.lock\" \"${PODS_ROOT}/Manifest.lock\" > /dev/null\nif [ $? != 0 ] ; then\n    # print error to STDERR\n    echo \"error: The sandbox is not in sync with the Podfile.lock. Run 'pod install' or update your CocoaPods installation.\" >&2\n    exit 1\nfi\n# This output is used by Xcode 'outputs' to avoid re-running this script phase.\necho \"SUCCESS\" > \"${SCRIPT_OUTPUT_FILE_0}\"\n";
			showEnvVarsInLog = 0;
		};
		58D8A99208C283F7D6434F4A /* [CP] Copy Pods Resources */ = {
			isa = PBXShellScriptBuildPhase;
			buildActionMask = 2147483647;
			files = (
			);
			inputPaths = (
			);
			name = "[CP] Copy Pods Resources";
			outputPaths = (
			);
			runOnlyForDeploymentPostprocessing = 0;
			shellPath = /bin/sh;
			shellScript = "\"${SRCROOT}/Pods/Target Support Files/Pods-OmniVirtAR Sample App/Pods-OmniVirtAR Sample App-resources.sh\"\n";
			showEnvVarsInLog = 0;
		};
/* End PBXShellScriptBuildPhase section */

/* Begin PBXSourcesBuildPhase section */
		6060EAF4206AC71900C33C01 /* Sources */ = {
			isa = PBXSourcesBuildPhase;
			buildActionMask = 2147483647;
			files = (
				6060EAFE206AC71900C33C01 /* ViewController.swift in Sources */,
				6060EAFC206AC71900C33C01 /* AppDelegate.swift in Sources */,
			);
			runOnlyForDeploymentPostprocessing = 0;
		};
/* End PBXSourcesBuildPhase section */

/* Begin PBXVariantGroup section */
		6060EAFF206AC71900C33C01 /* Main.storyboard */ = {
			isa = PBXVariantGroup;
			children = (
				6060EB00206AC71900C33C01 /* Base */,
			);
			name = Main.storyboard;
			sourceTree = "<group>";
		};
		6060EB04206AC71900C33C01 /* LaunchScreen.storyboard */ = {
			isa = PBXVariantGroup;
			children = (
				6060EB05206AC71900C33C01 /* Base */,
			);
			name = LaunchScreen.storyboard;
			sourceTree = "<group>";
		};
/* End PBXVariantGroup section */

/* Begin XCBuildConfiguration section */
		6060EB08206AC71900C33C01 /* Debug */ = {
			isa = XCBuildConfiguration;
			buildSettings = {
				ALWAYS_SEARCH_USER_PATHS = NO;
				CLANG_ANALYZER_NONNULL = YES;
				CLANG_ANALYZER_NUMBER_OBJECT_CONVERSION = YES_AGGRESSIVE;
				CLANG_CXX_LANGUAGE_STANDARD = "gnu++14";
				CLANG_CXX_LIBRARY = "libc++";
				CLANG_ENABLE_MODULES = YES;
				CLANG_ENABLE_OBJC_ARC = YES;
				CLANG_WARN_BLOCK_CAPTURE_AUTORELEASING = YES;
				CLANG_WARN_BOOL_CONVERSION = YES;
				CLANG_WARN_COMMA = YES;
				CLANG_WARN_CONSTANT_CONVERSION = YES;
				CLANG_WARN_DIRECT_OBJC_ISA_USAGE = YES_ERROR;
				CLANG_WARN_DOCUMENTATION_COMMENTS = YES;
				CLANG_WARN_EMPTY_BODY = YES;
				CLANG_WARN_ENUM_CONVERSION = YES;
				CLANG_WARN_INFINITE_RECURSION = YES;
				CLANG_WARN_INT_CONVERSION = YES;
				CLANG_WARN_NON_LITERAL_NULL_CONVERSION = YES;
				CLANG_WARN_OBJC_LITERAL_CONVERSION = YES;
				CLANG_WARN_OBJC_ROOT_CLASS = YES_ERROR;
				CLANG_WARN_RANGE_LOOP_ANALYSIS = YES;
				CLANG_WARN_STRICT_PROTOTYPES = YES;
				CLANG_WARN_SUSPICIOUS_MOVE = YES;
				CLANG_WARN_UNGUARDED_AVAILABILITY = YES_AGGRESSIVE;
				CLANG_WARN_UNREACHABLE_CODE = YES;
				CLANG_WARN__DUPLICATE_METHOD_MATCH = YES;
				CODE_SIGN_IDENTITY = "iPhone Developer";
				COPY_PHASE_STRIP = NO;
				DEBUG_INFORMATION_FORMAT = dwarf;
				ENABLE_STRICT_OBJC_MSGSEND = YES;
				ENABLE_TESTABILITY = YES;
				GCC_C_LANGUAGE_STANDARD = gnu11;
				GCC_DYNAMIC_NO_PIC = NO;
				GCC_NO_COMMON_BLOCKS = YES;
				GCC_OPTIMIZATION_LEVEL = 0;
				GCC_PREPROCESSOR_DEFINITIONS = (
					"DEBUG=1",
					"$(inherited)",
				);
				GCC_WARN_64_TO_32_BIT_CONVERSION = YES;
				GCC_WARN_ABOUT_RETURN_TYPE = YES_ERROR;
				GCC_WARN_UNDECLARED_SELECTOR = YES;
				GCC_WARN_UNINITIALIZED_AUTOS = YES_AGGRESSIVE;
				GCC_WARN_UNUSED_FUNCTION = YES;
				GCC_WARN_UNUSED_VARIABLE = YES;
				IPHONEOS_DEPLOYMENT_TARGET = 11.2;
				MTL_ENABLE_DEBUG_INFO = YES;
				ONLY_ACTIVE_ARCH = YES;
				SDKROOT = iphoneos;
				SWIFT_ACTIVE_COMPILATION_CONDITIONS = DEBUG;
				SWIFT_OPTIMIZATION_LEVEL = "-Onone";
			};
			name = Debug;
		};
		6060EB09206AC71900C33C01 /* Release */ = {
			isa = XCBuildConfiguration;
			buildSettings = {
				ALWAYS_SEARCH_USER_PATHS = NO;
				CLANG_ANALYZER_NONNULL = YES;
				CLANG_ANALYZER_NUMBER_OBJECT_CONVERSION = YES_AGGRESSIVE;
				CLANG_CXX_LANGUAGE_STANDARD = "gnu++14";
				CLANG_CXX_LIBRARY = "libc++";
				CLANG_ENABLE_MODULES = YES;
				CLANG_ENABLE_OBJC_ARC = YES;
				CLANG_WARN_BLOCK_CAPTURE_AUTORELEASING = YES;
				CLANG_WARN_BOOL_CONVERSION = YES;
				CLANG_WARN_COMMA = YES;
				CLANG_WARN_CONSTANT_CONVERSION = YES;
				CLANG_WARN_DIRECT_OBJC_ISA_USAGE = YES_ERROR;
				CLANG_WARN_DOCUMENTATION_COMMENTS = YES;
				CLANG_WARN_EMPTY_BODY = YES;
				CLANG_WARN_ENUM_CONVERSION = YES;
				CLANG_WARN_INFINITE_RECURSION = YES;
				CLANG_WARN_INT_CONVERSION = YES;
				CLANG_WARN_NON_LITERAL_NULL_CONVERSION = YES;
				CLANG_WARN_OBJC_LITERAL_CONVERSION = YES;
				CLANG_WARN_OBJC_ROOT_CLASS = YES_ERROR;
				CLANG_WARN_RANGE_LOOP_ANALYSIS = YES;
				CLANG_WARN_STRICT_PROTOTYPES = YES;
				CLANG_WARN_SUSPICIOUS_MOVE = YES;
				CLANG_WARN_UNGUARDED_AVAILABILITY = YES_AGGRESSIVE;
				CLANG_WARN_UNREACHABLE_CODE = YES;
				CLANG_WARN__DUPLICATE_METHOD_MATCH = YES;
				CODE_SIGN_IDENTITY = "iPhone Developer";
				COPY_PHASE_STRIP = NO;
				DEBUG_INFORMATION_FORMAT = "dwarf-with-dsym";
				ENABLE_NS_ASSERTIONS = NO;
				ENABLE_STRICT_OBJC_MSGSEND = YES;
				GCC_C_LANGUAGE_STANDARD = gnu11;
				GCC_NO_COMMON_BLOCKS = YES;
				GCC_WARN_64_TO_32_BIT_CONVERSION = YES;
				GCC_WARN_ABOUT_RETURN_TYPE = YES_ERROR;
				GCC_WARN_UNDECLARED_SELECTOR = YES;
				GCC_WARN_UNINITIALIZED_AUTOS = YES_AGGRESSIVE;
				GCC_WARN_UNUSED_FUNCTION = YES;
				GCC_WARN_UNUSED_VARIABLE = YES;
				IPHONEOS_DEPLOYMENT_TARGET = 11.2;
				MTL_ENABLE_DEBUG_INFO = NO;
				SDKROOT = iphoneos;
				SWIFT_OPTIMIZATION_LEVEL = "-Owholemodule";
				VALIDATE_PRODUCT = YES;
			};
			name = Release;
		};
		6060EB0B206AC71900C33C01 /* Debug */ = {
			isa = XCBuildConfiguration;
			baseConfigurationReference = B4FC6ED17D931EB0C89DE300 /* Pods-OmniVirtAR Sample App.debug.xcconfig */;
			buildSettings = {
				ASSETCATALOG_COMPILER_APPICON_NAME = AppIcon;
				CODE_SIGN_STYLE = Automatic;
				DEVELOPMENT_TEAM = "";
				INFOPLIST_FILE = "OmniVirtAR Sample App/Info.plist";
				LD_RUNPATH_SEARCH_PATHS = "$(inherited) @executable_path/Frameworks";
				PRODUCT_BUNDLE_IDENTIFIER = "com.omnivirt.OmniVirtAR-Sample-App";
				PRODUCT_NAME = "$(TARGET_NAME)";
				SWIFT_VERSION = 4.0;
				TARGETED_DEVICE_FAMILY = "1,2";
			};
			name = Debug;
		};
		6060EB0C206AC71900C33C01 /* Release */ = {
			isa = XCBuildConfiguration;
			baseConfigurationReference = 77E6754EF4CC2220A3F24D1D /* Pods-OmniVirtAR Sample App.release.xcconfig */;
			buildSettings = {
				ASSETCATALOG_COMPILER_APPICON_NAME = AppIcon;
				CODE_SIGN_STYLE = Automatic;
				DEVELOPMENT_TEAM = "";
				INFOPLIST_FILE = "OmniVirtAR Sample App/Info.plist";
				LD_RUNPATH_SEARCH_PATHS = "$(inherited) @executable_path/Frameworks";
				PRODUCT_BUNDLE_IDENTIFIER = "com.omnivirt.OmniVirtAR-Sample-App";
				PRODUCT_NAME = "$(TARGET_NAME)";
				SWIFT_VERSION = 4.0;
				TARGETED_DEVICE_FAMILY = "1,2";
			};
			name = Release;
		};
/* End XCBuildConfiguration section */

/* Begin XCConfigurationList section */
		6060EAF3206AC71900C33C01 /* Build configuration list for PBXProject "OmniVirtAR Sample App" */ = {
			isa = XCConfigurationList;
			buildConfigurations = (
				6060EB08206AC71900C33C01 /* Debug */,
				6060EB09206AC71900C33C01 /* Release */,
			);
			defaultConfigurationIsVisible = 0;
			defaultConfigurationName = Release;
		};
		6060EB0A206AC71900C33C01 /* Build configuration list for PBXNativeTarget "OmniVirtAR Sample App" */ = {
			isa = XCConfigurationList;
			buildConfigurations = (
				6060EB0B206AC71900C33C01 /* Debug */,
				6060EB0C206AC71900C33C01 /* Release */,
			);
			defaultConfigurationIsVisible = 0;
			defaultConfigurationName = Release;
		};
/* End XCConfigurationList section */
	};
	rootObject = 6060EAF0206AC71900C33C01 /* Project object */;
}
